
Microsoft Visual Studio Solution File, Format Version 12.00
# Visual Studio Version 16
VisualStudioVersion = 16.0.29911.84
MinimumVisualStudioVersion = 10.0.40219.1
Project("{FAE04EC0-301F-11D3-BF4B-00C04F79EFBC}") = "Caelum.Blog.WebApp", "Caelum.Blog.WebApp\Caelum.Blog.WebApp.csproj", "{973FF78B-D121-4E52-94DC-5EFDBA2AD2A2}"
EndProject
Global
	GlobalSection(SolutionConfigurationPlatforms) = preSolution
		Debug|Any CPU = Debug|Any CPU
		Release|Any CPU = Release|Any CPU
	EndGlobalSection
	GlobalSection(ProjectConfigurationPlatforms) = postSolution
		{973FF78B-D121-4E52-94DC-5EFDBA2AD2A2}.Debug|Any CPU.ActiveCfg = Debug|Any CPU
		{973FF78B-D121-4E52-94DC-5EFDBA2AD2A2}.Debug|Any CPU.Build.0 = Debug|Any CPU
		{973FF78B-D121-4E52-94DC-5EFDBA2AD2A2}.Release|Any CPU.ActiveCfg = Release|Any CPU
		{973FF78B-D121-4E52-94DC-5EFDBA2AD2A2}.Release|Any CPU.Build.0 = Release|Any CPU
	EndGlobalSection
	GlobalSection(SolutionProperties) = preSolution
		HideSolutionNode = FALSE
	EndGlobalSection
	GlobalSection(ExtensibilityGlobals) = postSolution
		SolutionGuid = {2F87BE5A-A560-4BF0-8D19-07FBF2D06D5D}
	EndGlobalSection
EndGlobal
